
Microsoft Visual Studio Solution File, Format Version 12.00
# Visual Studio 15
VisualStudioVersion = 15.0.27130.2027
MinimumVisualStudioVersion = 10.0.40219.1
Project("{FAE04EC0-301F-11D3-BF4B-00C04F79EFBC}") = "UniApp", "UniApp.csproj", "{0BB99B61-C9D3-46AD-95EB-916511270910}"
EndProject
Global
	GlobalSection(SolutionConfigurationPlatforms) = preSolution
		Debug|x86 = Debug|x86
		Release|x86 = Release|x86
	EndGlobalSection
	GlobalSection(ProjectConfigurationPlatforms) = postSolution
		{0BB99B61-C9D3-46AD-95EB-916511270910}.Debug|x86.ActiveCfg = Debug|x86
		{0BB99B61-C9D3-46AD-95EB-916511270910}.Debug|x86.Build.0 = Debug|x86
		{0BB99B61-C9D3-46AD-95EB-916511270910}.Release|x86.ActiveCfg = Release|x86
		{0BB99B61-C9D3-46AD-95EB-916511270910}.Release|x86.Build.0 = Release|x86
	EndGlobalSection
	GlobalSection(SolutionProperties) = preSolution
		HideSolutionNode = FALSE
	EndGlobalSection
	GlobalSection(ExtensibilityGlobals) = postSolution
		SolutionGuid = {9E36973E-A427-4C7E-A370-13FF66FDF160}
	EndGlobalSection
EndGlobal
